{
  "name": "react-docgen-typescript-lang-service",
  "version": "1.0.0",
  "lockfileVersion": 1,
  "requires": true,
  "dependencies": {
    "react-docgen-typescript": {
      "version": "1.16.4",
      "resolved": "https://parchment.jfrog.io/parchment/api/npm/npm/react-docgen-typescript/-/react-docgen-typescript-1.16.4.tgz",
      "integrity": "sha1-mpZ00loCcExePa+nb36pKKyjNqM="
    },
    "typescript": {
      "version": "3.8.3",
      "resolved": "https://parchment.jfrog.io/parchment/api/npm/npm/typescript/-/typescript-3.8.3.tgz",
      "integrity": "sha1-QJ64VE6gM1cRIFhp7EWKsQnuEGE=",
      "dev": true
    }
  }
}
